speakeasyVersion: 1.719.0
sources:
    You.com API:
        sourceNamespace: you-com-agents-api
        sourceRevisionDigest: sha256:010b7cc706ade463a6dfc5fc3f4f5725e03d59e6897af08ab70fcfb56b355cd2
        sourceBlobDigest: sha256:b8163188981c3792ed1e91f8bc4aa1d994b2febde9e8fd8afc8c4e623739559d
        tags:
            - latest
            - 0.0.1
    You.com Agents API:
        sourceNamespace: you-com-agents-api
        sourceRevisionDigest: sha256:010b7cc706ade463a6dfc5fc3f4f5725e03d59e6897af08ab70fcfb56b355cd2
        sourceBlobDigest: sha256:b8163188981c3792ed1e91f8bc4aa1d994b2febde9e8fd8afc8c4e623739559d
        tags:
            - latest
            - 0.0.1
    You.com SDK:
        sourceNamespace: you-com-sdk
        sourceRevisionDigest: sha256:147a1937d82ec29adfc910d0b5a630b13c93bb5bdccc6f15e3df0e06c2e514bd
        sourceBlobDigest: sha256:81b46d3d9fe398d2d5261bd4dbf34885036bbcd1524dbd2d07e8a7850b1c88da
        tags:
            - latest
            - speakeasy-sdk-regen-1770770903
            - 1.0.0
targets:
    you:
        source: You.com SDK
        sourceNamespace: you-com-sdk
        sourceRevisionDigest: sha256:147a1937d82ec29adfc910d0b5a630b13c93bb5bdccc6f15e3df0e06c2e514bd
        sourceBlobDigest: sha256:81b46d3d9fe398d2d5261bd4dbf34885036bbcd1524dbd2d07e8a7850b1c88da
        codeSamplesNamespace: you-com-sdk-typescript-code-samples
        codeSamplesRevisionDigest: sha256:c33ad9cef48e611446f81a139b90eae5c65723fccb1ae2c8e1dc16d905a377c8
workflow:
    workflowVersion: 1.0.0
    speakeasyVersion: latest
    sources:
        You.com SDK:
            inputs:
                - location: https://you.com/specs/openapi_unified_agents.yaml
                - location: https://you.com/specs/openapi_search_v1.yaml
                - location: https://you.com/specs/openapi_contents.yaml
                - location: https://you.com/specs/openapi_base.yaml
            output: .speakeasy/out.openapi.yaml
            registry:
                location: registry.speakeasyapi.dev/youcom/documentation/you-com-sdk
    targets:
        you:
            target: typescript
            source: You.com SDK
            publish:
                npm:
                    token: $npm_token
            codeSamples:
                registry:
                    location: registry.speakeasyapi.dev/youcom/documentation/you-com-sdk-typescript-code-samples
                labelOverride:
                    fixedValue: Typescript (SDK)
                blocking: false
