speakeasyVersion: 1.681.0
sources:
    You.com API:
        sourceNamespace: you-com-agents-api
        sourceRevisionDigest: sha256:010b7cc706ade463a6dfc5fc3f4f5725e03d59e6897af08ab70fcfb56b355cd2
        sourceBlobDigest: sha256:b8163188981c3792ed1e91f8bc4aa1d994b2febde9e8fd8afc8c4e623739559d
        tags:
            - latest
            - 0.0.1
    You.com Agents API:
        sourceNamespace: you-com-agents-api
        sourceRevisionDigest: sha256:010b7cc706ade463a6dfc5fc3f4f5725e03d59e6897af08ab70fcfb56b355cd2
        sourceBlobDigest: sha256:b8163188981c3792ed1e91f8bc4aa1d994b2febde9e8fd8afc8c4e623739559d
        tags:
            - latest
            - 0.0.1
    You.com SDK:
        sourceNamespace: you-com-sdk
        sourceRevisionDigest: sha256:650405a879427f30b54ddcbadd820ac13a20990264b1c0e0de694d56639b645b
        sourceBlobDigest: sha256:c04c3de61ad31b5bcdd88ee602f6863ce69a833eab3ad8fdf5a3e58df68d0544
        tags:
            - latest
            - 0.0.1
targets:
    you:
        source: You.com SDK
        sourceNamespace: you-com-sdk
        sourceRevisionDigest: sha256:650405a879427f30b54ddcbadd820ac13a20990264b1c0e0de694d56639b645b
        sourceBlobDigest: sha256:c04c3de61ad31b5bcdd88ee602f6863ce69a833eab3ad8fdf5a3e58df68d0544
workflow:
    workflowVersion: 1.0.0
    speakeasyVersion: latest
    sources:
        You.com SDK:
            inputs:
                - location: ./openapi_schemas/openapi_unified_agents.yaml
                - location: ./openapi_schemas/openapi_search_v1.yaml
                - location: ./openapi_schemas/openapi_contents.yaml
            output: .speakeasy/out.openapi.yaml
            registry:
                location: registry.speakeasyapi.dev/youcom/documentation/you-com-sdk
    targets:
        you:
            target: typescript
            source: You.com SDK
            publish:
                npm:
                    token: $npm_token
            codeSamples:
                registry:
                    location: registry.speakeasyapi.dev/youcom/documentation/you-com-sdk-typescript-code-samples
                labelOverride:
                    fixedValue: Typescript (SDK)
                blocking: false
