speakeasyVersion: 1.761.9
sources:
    You.com API:
        sourceNamespace: you-com-agents-api
        sourceRevisionDigest: sha256:010b7cc706ade463a6dfc5fc3f4f5725e03d59e6897af08ab70fcfb56b355cd2
        sourceBlobDigest: sha256:b8163188981c3792ed1e91f8bc4aa1d994b2febde9e8fd8afc8c4e623739559d
        tags:
            - latest
            - 0.0.1
    You.com Agents API:
        sourceNamespace: you-com-agents-api
        sourceRevisionDigest: sha256:010b7cc706ade463a6dfc5fc3f4f5725e03d59e6897af08ab70fcfb56b355cd2
        sourceBlobDigest: sha256:b8163188981c3792ed1e91f8bc4aa1d994b2febde9e8fd8afc8c4e623739559d
        tags:
            - latest
            - 0.0.1
    You.com SDK:
        sourceNamespace: you-com-sdk
        sourceRevisionDigest: sha256:66ec128502ce7c76ae846981dbdc3fcdda2b67fe3a9322de609f4dbe34304f09
        sourceBlobDigest: sha256:531f924ec9f591127af5e9d5ad3a6349be13fff9e5c9a6d988faadc0b9d47591
        tags:
            - latest
            - 1.0.0
targets:
    you:
        source: You.com SDK
        sourceNamespace: you-com-sdk
        sourceRevisionDigest: sha256:66ec128502ce7c76ae846981dbdc3fcdda2b67fe3a9322de609f4dbe34304f09
        sourceBlobDigest: sha256:531f924ec9f591127af5e9d5ad3a6349be13fff9e5c9a6d988faadc0b9d47591
        codeSamplesNamespace: you-com-sdk-typescript-code-samples
        codeSamplesRevisionDigest: sha256:62dc400d236e7902667cc681f27ae83e1b9aac3f2a0cda4c77103f17101b435d
workflow:
    workflowVersion: 1.0.0
    speakeasyVersion: latest
    sources:
        You.com SDK:
            inputs:
                - location: https://youdotcom-pr-11819.vercel.app/specs/openapi_unified_agents.yaml
                - location: https://youdotcom-pr-11819.vercel.app/specs/openapi_search_v1.yaml
                - location: https://youdotcom-pr-11819.vercel.app/specs/openapi_contents.yaml
                - location: https://youdotcom-pr-11819.vercel.app/specs/openapi_research.yaml
                - location: https://youdotcom-pr-11819.vercel.app/specs/openapi_base.yaml
            output: .speakeasy/out.openapi.yaml
            registry:
                location: registry.speakeasyapi.dev/youcom/documentation/you-com-sdk
    targets:
        you:
            target: typescript
            source: You.com SDK
            publish:
                npm:
                    token: $npm_token
            codeSamples:
                registry:
                    location: registry.speakeasyapi.dev/youcom/documentation/you-com-sdk-typescript-code-samples
                labelOverride:
                    fixedValue: Typescript (SDK)
                blocking: false
